
Microsoft Visual Studio Solution File, Format Version 12.00
# Visual Studio Version 16
VisualStudioVersion = 16.0.29209.62
MinimumVisualStudioVersion = 10.0.40219.1
Project("{FAE04EC0-301F-11D3-BF4B-00C04F79EFBC}") = "WebApp", "WebApp\WebApp.csproj", "{DBF45556-AC8E-4CBE-A205-087488167674}"
EndProject
Project("{FAE04EC0-301F-11D3-BF4B-00C04F79EFBC}") = "GroceryListSystem", "GroceryListSystem\GroceryListSystem.csproj", "{B0B1B990-6989-443D-A910-0762B28102AA}"
EndProject
Project("{FAE04EC0-301F-11D3-BF4B-00C04F79EFBC}") = "GroceryList.Data", "GroceryList.Data\GroceryList.Data.csproj", "{59AECDE0-5E3D-408D-B79E-69FC1238F6C0}"
EndProject
Global
	GlobalSection(SolutionConfigurationPlatforms) = preSolution
		Debug|Any CPU = Debug|Any CPU
		Release|Any CPU = Release|Any CPU
	EndGlobalSection
	GlobalSection(ProjectConfigurationPlatforms) = postSolution
		{DBF45556-AC8E-4CBE-A205-087488167674}.Debug|Any CPU.ActiveCfg = Debug|Any CPU
		{DBF45556-AC8E-4CBE-A205-087488167674}.Debug|Any CPU.Build.0 = Debug|Any CPU
		{DBF45556-AC8E-4CBE-A205-087488167674}.Release|Any CPU.ActiveCfg = Release|Any CPU
		{DBF45556-AC8E-4CBE-A205-087488167674}.Release|Any CPU.Build.0 = Release|Any CPU
		{B0B1B990-6989-443D-A910-0762B28102AA}.Debug|Any CPU.ActiveCfg = Debug|Any CPU
		{B0B1B990-6989-443D-A910-0762B28102AA}.Debug|Any CPU.Build.0 = Debug|Any CPU
		{B0B1B990-6989-443D-A910-0762B28102AA}.Release|Any CPU.ActiveCfg = Release|Any CPU
		{B0B1B990-6989-443D-A910-0762B28102AA}.Release|Any CPU.Build.0 = Release|Any CPU
		{59AECDE0-5E3D-408D-B79E-69FC1238F6C0}.Debug|Any CPU.ActiveCfg = Debug|Any CPU
		{59AECDE0-5E3D-408D-B79E-69FC1238F6C0}.Debug|Any CPU.Build.0 = Debug|Any CPU
		{59AECDE0-5E3D-408D-B79E-69FC1238F6C0}.Release|Any CPU.ActiveCfg = Release|Any CPU
		{59AECDE0-5E3D-408D-B79E-69FC1238F6C0}.Release|Any CPU.Build.0 = Release|Any CPU
	EndGlobalSection
	GlobalSection(SolutionProperties) = preSolution
		HideSolutionNode = FALSE
	EndGlobalSection
	GlobalSection(ExtensibilityGlobals) = postSolution
		SolutionGuid = {92EA1168-838A-457E-A8E6-D76F78F68468}
	EndGlobalSection
EndGlobal
